
Microsoft Visual Studio Solution File, Format Version 12.00
# Visual Studio Version 17
VisualStudioVersion = 17.9.34622.214
MinimumVisualStudioVersion = 10.0.40219.1
Project("{FAE04EC0-301F-11D3-BF4B-00C04F79EFBC}") = "SistemaInventario", "SistemaInventario\SistemaInventario.csproj", "{8ED52799-12E1-470B-B8F5-709762AB3960}"
EndProject
Global
	GlobalSection(SolutionConfigurationPlatforms) = preSolution
		Debug|Any CPU = Debug|Any CPU
		Release|Any CPU = Release|Any CPU
	EndGlobalSection
	GlobalSection(ProjectConfigurationPlatforms) = postSolution
		{8ED52799-12E1-470B-B8F5-709762AB3960}.Debug|Any CPU.ActiveCfg = Debug|Any CPU
		{8ED52799-12E1-470B-B8F5-709762AB3960}.Debug|Any CPU.Build.0 = Debug|Any CPU
		{8ED52799-12E1-470B-B8F5-709762AB3960}.Release|Any CPU.ActiveCfg = Release|Any CPU
		{8ED52799-12E1-470B-B8F5-709762AB3960}.Release|Any CPU.Build.0 = Release|Any CPU
	EndGlobalSection
	GlobalSection(SolutionProperties) = preSolution
		HideSolutionNode = FALSE
	EndGlobalSection
	GlobalSection(ExtensibilityGlobals) = postSolution
		SolutionGuid = {CB235EE2-4F28-462E-A01C-BF48C6F498BA}
	EndGlobalSection
EndGlobal
